
Microsoft Visual Studio Solution File, Format Version 12.00
# Visual Studio 14
VisualStudioVersion = 14.0.25420.1
MinimumVisualStudioVersion = 10.0.40219.1
Project("{FAE04EC0-301F-11D3-BF4B-00C04F79EFBC}") = "FTP Connect", "FTP Connect\FTP Connect.csproj", "{C9FC5BA8-43ED-4C43-8273-60C096470771}"
EndProject
Global
	GlobalSection(SolutionConfigurationPlatforms) = preSolution
		Debug|Any CPU = Debug|Any CPU
		Release|Any CPU = Release|Any CPU
	EndGlobalSection
	GlobalSection(ProjectConfigurationPlatforms) = postSolution
		{C9FC5BA8-43ED-4C43-8273-60C096470771}.Debug|Any CPU.ActiveCfg = Debug|Any CPU
		{C9FC5BA8-43ED-4C43-8273-60C096470771}.Debug|Any CPU.Build.0 = Debug|Any CPU
		{C9FC5BA8-43ED-4C43-8273-60C096470771}.Release|Any CPU.ActiveCfg = Release|Any CPU
		{C9FC5BA8-43ED-4C43-8273-60C096470771}.Release|Any CPU.Build.0 = Release|Any CPU
	EndGlobalSection
	GlobalSection(SolutionProperties) = preSolution
		HideSolutionNode = FALSE
	EndGlobalSection
EndGlobal
